
Microsoft Visual Studio Solution File, Format Version 12.00
# Visual Studio Version 17
VisualStudioVersion = 17.2.32526.322
MinimumVisualStudioVersion = 10.0.40219.1
Project("{FAE04EC0-301F-11D3-BF4B-00C04F79EFBC}") = "Calculator", "Calculator\Calculator.csproj", "{39F26DC4-EAEE-42FF-BF3A-15C7BEA7835E}"
EndProject
Global
	GlobalSection(SolutionConfigurationPlatforms) = preSolution
		Debug|Any CPU = Debug|Any CPU
		Release|Any CPU = Release|Any CPU
	EndGlobalSection
	GlobalSection(ProjectConfigurationPlatforms) = postSolution
		{39F26DC4-EAEE-42FF-BF3A-15C7BEA7835E}.Debug|Any CPU.ActiveCfg = Debug|Any CPU
		{39F26DC4-EAEE-42FF-BF3A-15C7BEA7835E}.Debug|Any CPU.Build.0 = Debug|Any CPU
		{39F26DC4-EAEE-42FF-BF3A-15C7BEA7835E}.Release|Any CPU.ActiveCfg = Release|Any CPU
		{39F26DC4-EAEE-42FF-BF3A-15C7BEA7835E}.Release|Any CPU.Build.0 = Release|Any CPU
	EndGlobalSection
	GlobalSection(SolutionProperties) = preSolution
		HideSolutionNode = FALSE
	EndGlobalSection
	GlobalSection(ExtensibilityGlobals) = postSolution
		SolutionGuid = {914611D0-A675-4AA2-9642-6628B7E43A3D}
	EndGlobalSection
EndGlobal
